
Microsoft Visual Studio Solution File, Format Version 12.00
# Visual Studio Version 17
VisualStudioVersion = 17.9.34728.123
MinimumVisualStudioVersion = 10.0.40219.1
Project("{FAE04EC0-301F-11D3-BF4B-00C04F79EFBC}") = "notes", "notes\notes.csproj", "{9184D4BE-8F8D-432D-8D63-C7DC0C19DCD0}"
EndProject
Global
	GlobalSection(SolutionConfigurationPlatforms) = preSolution
		Debug|Any CPU = Debug|Any CPU
		Release|Any CPU = Release|Any CPU
	EndGlobalSection
	GlobalSection(ProjectConfigurationPlatforms) = postSolution
		{9184D4BE-8F8D-432D-8D63-C7DC0C19DCD0}.Debug|Any CPU.ActiveCfg = Debug|Any CPU
		{9184D4BE-8F8D-432D-8D63-C7DC0C19DCD0}.Debug|Any CPU.Build.0 = Debug|Any CPU
		{9184D4BE-8F8D-432D-8D63-C7DC0C19DCD0}.Release|Any CPU.ActiveCfg = Release|Any CPU
		{9184D4BE-8F8D-432D-8D63-C7DC0C19DCD0}.Release|Any CPU.Build.0 = Release|Any CPU
	EndGlobalSection
	GlobalSection(SolutionProperties) = preSolution
		HideSolutionNode = FALSE
	EndGlobalSection
	GlobalSection(ExtensibilityGlobals) = postSolution
		SolutionGuid = {CBA5CB0C-B6B8-4875-88CB-A6EDAC64F47B}
	EndGlobalSection
EndGlobal
