
Microsoft Visual Studio Solution File, Format Version 12.00
# Visual Studio Version 17
VisualStudioVersion = 17.9.34902.65
MinimumVisualStudioVersion = 10.0.40219.1
Project("{FAE04EC0-301F-11D3-BF4B-00C04F79EFBC}") = "23.05.2024", "23.05.2024\23.05.2024.csproj", "{DA980F4F-1D54-4651-89B2-C4020C5679CD}"
EndProject
Global
	GlobalSection(SolutionConfigurationPlatforms) = preSolution
		Debug|Any CPU = Debug|Any CPU
		Release|Any CPU = Release|Any CPU
	EndGlobalSection
	GlobalSection(ProjectConfigurationPlatforms) = postSolution
		{DA980F4F-1D54-4651-89B2-C4020C5679CD}.Debug|Any CPU.ActiveCfg = Debug|Any CPU
		{DA980F4F-1D54-4651-89B2-C4020C5679CD}.Debug|Any CPU.Build.0 = Debug|Any CPU
		{DA980F4F-1D54-4651-89B2-C4020C5679CD}.Release|Any CPU.ActiveCfg = Release|Any CPU
		{DA980F4F-1D54-4651-89B2-C4020C5679CD}.Release|Any CPU.Build.0 = Release|Any CPU
	EndGlobalSection
	GlobalSection(SolutionProperties) = preSolution
		HideSolutionNode = FALSE
	EndGlobalSection
	GlobalSection(ExtensibilityGlobals) = postSolution
		SolutionGuid = {97152A37-EA93-4869-89ED-E30C60BBD04A}
	EndGlobalSection
EndGlobal
